
Microsoft Visual Studio Solution File, Format Version 12.00
# Visual Studio Version 16
VisualStudioVersion = 16.0.29519.87
MinimumVisualStudioVersion = 10.0.40219.1
Project("{FAE04EC0-301F-11D3-BF4B-00C04F79EFBC}") = "scrcpy-ui", "scrcpy-ui\scrcpy-ui.csproj", "{A035717A-7D32-41F9-A4BC-D78CE5215C5F}"
EndProject
Global
	GlobalSection(SolutionConfigurationPlatforms) = preSolution
		Debug|Any CPU = Debug|Any CPU
		Release|Any CPU = Release|Any CPU
	EndGlobalSection
	GlobalSection(ProjectConfigurationPlatforms) = postSolution
		{A035717A-7D32-41F9-A4BC-D78CE5215C5F}.Debug|Any CPU.ActiveCfg = Debug|Any CPU
		{A035717A-7D32-41F9-A4BC-D78CE5215C5F}.Debug|Any CPU.Build.0 = Debug|Any CPU
		{A035717A-7D32-41F9-A4BC-D78CE5215C5F}.Release|Any CPU.ActiveCfg = Release|Any CPU
		{A035717A-7D32-41F9-A4BC-D78CE5215C5F}.Release|Any CPU.Build.0 = Release|Any CPU
	EndGlobalSection
	GlobalSection(SolutionProperties) = preSolution
		HideSolutionNode = FALSE
	EndGlobalSection
	GlobalSection(ExtensibilityGlobals) = postSolution
		SolutionGuid = {7A655203-1DCB-4AEF-8919-41979DF8590D}
	EndGlobalSection
EndGlobal
